hash: e7b503a7e348174bdf056274964d1e853097c0ee0cb2ffd4b128b875cbeef306
updated: 2017-01-23T15:32:18.383428848+01:00
imports:
- name: github.com/buddhamagnet/yaml
  version: 8e72a68a3483a9d044e4c6f49cc695b5ee60c671
- name: github.com/Jumpscale/go-raml
  version: 59a4bff6b7aa034e34e56fe0adfc29ec1ec9dcb5
  subpackages:
  - raml
- name: github.com/Sirupsen/logrus
  version: d26492970760ca5d33129d2d799e34be5c4782eb
- name: github.com/urfave/cli
  version: 0bdeddeeb0f650497d603c4ad7b20cfe685682f6
- name: golang.org/x/sys
  version: d75a52659825e75fff6158388dddc6a5b04f9ba5
  subpackages:
  - unix
testImports:
- name: github.com/davecgh/go-spew
  version: 04cdfd42973bb9c8589fd6a731800cf222fde1a9
  subpackages:
  - spew
- name: github.com/pmezard/go-difflib
  version: d8ed2627bdf02c080bf22230dbb337003b7aba2d
  subpackages:
  - difflib
- name: github.com/stretchr/testify
  version: 2402e8e7a02fc811447d11f881aa9746cdc57983
  subpackages:
  - assert
