hash: 4251f8cdf85f62713fffb19eae62a5eef39727ec63f3ea874973f86ee070874e
updated: 2017-03-21T10:01:08.518232607+01:00
imports:
- name: bitbucket.org/pkg/inflect
  version: 8961c3750a47b8c0b3e118d52513b97adf85a7e8
- name: github.com/chuckpreslar/inflect
  version: 423e3ac59c611e2d549527ab8c15fb99335d30ba
  subpackages:
  - languages
  - types
- name: github.com/gigforks/yaml
  version: 3396035bfe07c24995d93599a57cf12f9d1c58e4
- name: github.com/Jumpscale/go-raml
  version: e0ddd7c7d63fb8d9793babf308fe7b99544a1794
  subpackages:
  - raml
- name: github.com/kr/pretty
  version: e6ac2fc51e89a3249e82157fa0bb7a18ef9dd5bb
- name: github.com/kr/text
  version: bb797dc4fb8320488f47bf11de07a733d7233e1f
- name: github.com/pkg/errors
  version: 645ef00459ed84a119197bfb8d8205042c6df63d
- name: github.com/Sirupsen/logrus
  version: ba1b36c82c5e05c4f912a88eab0dcd91a171688f
- name: github.com/urfave/cli
  version: 0bdeddeeb0f650497d603c4ad7b20cfe685682f6
- name: golang.org/x/sys
  version: e24f485414aeafb646f6fca458b0bf869c0880a1
  subpackages:
  - unix
testImports:
- name: github.com/davecgh/go-spew
  version: 04cdfd42973bb9c8589fd6a731800cf222fde1a9
  subpackages:
  - spew
- name: github.com/pmezard/go-difflib
  version: d8ed2627bdf02c080bf22230dbb337003b7aba2d
  subpackages:
  - difflib
- name: github.com/stretchr/testify
  version: 4d4bfba8f1d1027c4fdbe371823030df51419987
  subpackages:
  - assert
